
Microsoft Visual Studio Solution File, Format Version 12.00
# Visual Studio Version 16
VisualStudioVersion = 16.0.29613.14
MinimumVisualStudioVersion = 10.0.40219.1
Project("{8BC9CEB8-8B4A-11D0-8D11-00A0C91BC942}") = "sssp", "sssp.vcxproj", "{B275A065-01C3-4018-B9D9-B169D896E66A}"
EndProject
Global
	GlobalSection(SolutionConfigurationPlatforms) = preSolution
		Debug|x64 = Debug|x64
		Release|x64 = Release|x64
	EndGlobalSection
	GlobalSection(ProjectConfigurationPlatforms) = postSolution
		{B275A065-01C3-4018-B9D9-B169D896E66A}.Debug|x64.ActiveCfg = Debug|x64
		{B275A065-01C3-4018-B9D9-B169D896E66A}.Debug|x64.Build.0 = Debug|x64
		{B275A065-01C3-4018-B9D9-B169D896E66A}.Release|x64.ActiveCfg = Release|x64
		{B275A065-01C3-4018-B9D9-B169D896E66A}.Release|x64.Build.0 = Release|x64
	EndGlobalSection
	GlobalSection(SolutionProperties) = preSolution
		HideSolutionNode = FALSE
	EndGlobalSection
	GlobalSection(ExtensibilityGlobals) = postSolution
		SolutionGuid = {01A19AA6-FF68-470C-BE5F-1D40662F2321}
	EndGlobalSection
EndGlobal
